
Microsoft Visual Studio Solution File, Format Version 12.00
# Visual Studio 15
VisualStudioVersion = 15.0.28307.1000
MinimumVisualStudioVersion = 10.0.40219.1
Project("{FAE04EC0-301F-11D3-BF4B-00C04F79EFBC}") = "LeaseVehicle", "LeaseVehicle\LeaseVehicle.csproj", "{92BCA482-4FA3-4277-A8CD-06FAF1C67C29}"
EndProject
Project("{FAE04EC0-301F-11D3-BF4B-00C04F79EFBC}") = "Admin", "Admin\Admin.csproj", "{6BB2F0FC-5E25-4E67-93F1-05B21B8C4C79}"
EndProject
Project("{FAE04EC0-301F-11D3-BF4B-00C04F79EFBC}") = "User", "User\User.csproj", "{4FD635FD-30D7-4F5E-9446-15E73C6A9EC8}"
EndProject
Global
	GlobalSection(SolutionConfigurationPlatforms) = preSolution
		Debug|Any CPU = Debug|Any CPU
		Release|Any CPU = Release|Any CPU
	EndGlobalSection
	GlobalSection(ProjectConfigurationPlatforms) = postSolution
		{92BCA482-4FA3-4277-A8CD-06FAF1C67C29}.Debug|Any CPU.ActiveCfg = Debug|Any CPU
		{92BCA482-4FA3-4277-A8CD-06FAF1C67C29}.Debug|Any CPU.Build.0 = Debug|Any CPU
		{92BCA482-4FA3-4277-A8CD-06FAF1C67C29}.Release|Any CPU.ActiveCfg = Release|Any CPU
		{92BCA482-4FA3-4277-A8CD-06FAF1C67C29}.Release|Any CPU.Build.0 = Release|Any CPU
		{6BB2F0FC-5E25-4E67-93F1-05B21B8C4C79}.Debug|Any CPU.ActiveCfg = Debug|Any CPU
		{6BB2F0FC-5E25-4E67-93F1-05B21B8C4C79}.Debug|Any CPU.Build.0 = Debug|Any CPU
		{6BB2F0FC-5E25-4E67-93F1-05B21B8C4C79}.Release|Any CPU.ActiveCfg = Release|Any CPU
		{6BB2F0FC-5E25-4E67-93F1-05B21B8C4C79}.Release|Any CPU.Build.0 = Release|Any CPU
		{4FD635FD-30D7-4F5E-9446-15E73C6A9EC8}.Debug|Any CPU.ActiveCfg = Debug|Any CPU
		{4FD635FD-30D7-4F5E-9446-15E73C6A9EC8}.Debug|Any CPU.Build.0 = Debug|Any CPU
		{4FD635FD-30D7-4F5E-9446-15E73C6A9EC8}.Release|Any CPU.ActiveCfg = Release|Any CPU
		{4FD635FD-30D7-4F5E-9446-15E73C6A9EC8}.Release|Any CPU.Build.0 = Release|Any CPU
	EndGlobalSection
	GlobalSection(SolutionProperties) = preSolution
		HideSolutionNode = FALSE
	EndGlobalSection
	GlobalSection(ExtensibilityGlobals) = postSolution
		SolutionGuid = {D3F120DF-8F99-4D9D-A539-457384847823}
	EndGlobalSection
EndGlobal
